
Microsoft Visual Studio Solution File, Format Version 12.00
# Visual Studio Version 16
VisualStudioVersion = 16.0.31410.357
MinimumVisualStudioVersion = 10.0.40219.1
Project("{FAE04EC0-301F-11D3-BF4B-00C04F79EFBC}") = "NumerosRandomicos", "NumerosRandomicos.csproj", "{54E858DB-84C7-46E5-A939-335481BD42B5}"
EndProject
Global
	GlobalSection(SolutionConfigurationPlatforms) = preSolution
		Debug|Any CPU = Debug|Any CPU
		Release|Any CPU = Release|Any CPU
	EndGlobalSection
	GlobalSection(ProjectConfigurationPlatforms) = postSolution
		{54E858DB-84C7-46E5-A939-335481BD42B5}.Debug|Any CPU.ActiveCfg = Debug|Any CPU
		{54E858DB-84C7-46E5-A939-335481BD42B5}.Debug|Any CPU.Build.0 = Debug|Any CPU
		{54E858DB-84C7-46E5-A939-335481BD42B5}.Release|Any CPU.ActiveCfg = Release|Any CPU
		{54E858DB-84C7-46E5-A939-335481BD42B5}.Release|Any CPU.Build.0 = Release|Any CPU
	EndGlobalSection
	GlobalSection(SolutionProperties) = preSolution
		HideSolutionNode = FALSE
	EndGlobalSection
	GlobalSection(ExtensibilityGlobals) = postSolution
		SolutionGuid = {9DCAE0B5-9CBA-49F5-AB9B-22E2B297A725}
	EndGlobalSection
EndGlobal
