
Microsoft Visual Studio Solution File, Format Version 12.00
# Visual Studio Version 16
VisualStudioVersion = 16.0.31410.357
MinimumVisualStudioVersion = 10.0.40219.1
Project("{FAE04EC0-301F-11D3-BF4B-00C04F79EFBC}") = "Exceptions", "Exceptions.csproj", "{B8971760-5203-4168-9633-97D5713CC3D9}"
EndProject
Global
	GlobalSection(SolutionConfigurationPlatforms) = preSolution
		Debug|Any CPU = Debug|Any CPU
		Release|Any CPU = Release|Any CPU
	EndGlobalSection
	GlobalSection(ProjectConfigurationPlatforms) = postSolution
		{B8971760-5203-4168-9633-97D5713CC3D9}.Debug|Any CPU.ActiveCfg = Debug|Any CPU
		{B8971760-5203-4168-9633-97D5713CC3D9}.Debug|Any CPU.Build.0 = Debug|Any CPU
		{B8971760-5203-4168-9633-97D5713CC3D9}.Release|Any CPU.ActiveCfg = Release|Any CPU
		{B8971760-5203-4168-9633-97D5713CC3D9}.Release|Any CPU.Build.0 = Release|Any CPU
	EndGlobalSection
	GlobalSection(SolutionProperties) = preSolution
		HideSolutionNode = FALSE
	EndGlobalSection
	GlobalSection(ExtensibilityGlobals) = postSolution
		SolutionGuid = {7F11C308-F902-49A6-8B82-4507551FEBF6}
	EndGlobalSection
EndGlobal
