
Microsoft Visual Studio Solution File, Format Version 12.00
# Visual Studio Version 16
VisualStudioVersion = 16.0.31005.135
MinimumVisualStudioVersion = 10.0.40219.1
Project("{FAE04EC0-301F-11D3-BF4B-00C04F79EFBC}") = "Construtores", "Construtores.csproj", "{CC7C8C64-657B-4B00-A361-CD134B04E003}"
EndProject
Global
	GlobalSection(SolutionConfigurationPlatforms) = preSolution
		Debug|Any CPU = Debug|Any CPU
		Release|Any CPU = Release|Any CPU
	EndGlobalSection
	GlobalSection(ProjectConfigurationPlatforms) = postSolution
		{CC7C8C64-657B-4B00-A361-CD134B04E003}.Debug|Any CPU.ActiveCfg = Debug|Any CPU
		{CC7C8C64-657B-4B00-A361-CD134B04E003}.Debug|Any CPU.Build.0 = Debug|Any CPU
		{CC7C8C64-657B-4B00-A361-CD134B04E003}.Release|Any CPU.ActiveCfg = Release|Any CPU
		{CC7C8C64-657B-4B00-A361-CD134B04E003}.Release|Any CPU.Build.0 = Release|Any CPU
	EndGlobalSection
	GlobalSection(SolutionProperties) = preSolution
		HideSolutionNode = FALSE
	EndGlobalSection
	GlobalSection(ExtensibilityGlobals) = postSolution
		SolutionGuid = {FC46BB5C-F2C8-4D31-AD7E-74A8C8475250}
	EndGlobalSection
EndGlobal
