
Microsoft Visual Studio Solution File, Format Version 12.00
# Visual Studio Version 16
VisualStudioVersion = 16.0.31410.357
MinimumVisualStudioVersion = 10.0.40219.1
Project("{FAE04EC0-301F-11D3-BF4B-00C04F79EFBC}") = "Generics", "Generics.csproj", "{37B5CFBB-20DF-4EE8-8407-66A08BA821DC}"
EndProject
Global
	GlobalSection(SolutionConfigurationPlatforms) = preSolution
		Debug|Any CPU = Debug|Any CPU
		Release|Any CPU = Release|Any CPU
	EndGlobalSection
	GlobalSection(ProjectConfigurationPlatforms) = postSolution
		{37B5CFBB-20DF-4EE8-8407-66A08BA821DC}.Debug|Any CPU.ActiveCfg = Debug|Any CPU
		{37B5CFBB-20DF-4EE8-8407-66A08BA821DC}.Debug|Any CPU.Build.0 = Debug|Any CPU
		{37B5CFBB-20DF-4EE8-8407-66A08BA821DC}.Release|Any CPU.ActiveCfg = Release|Any CPU
		{37B5CFBB-20DF-4EE8-8407-66A08BA821DC}.Release|Any CPU.Build.0 = Release|Any CPU
	EndGlobalSection
	GlobalSection(SolutionProperties) = preSolution
		HideSolutionNode = FALSE
	EndGlobalSection
	GlobalSection(ExtensibilityGlobals) = postSolution
		SolutionGuid = {046D3D02-BAB4-4493-9322-BDB7A53E459A}
	EndGlobalSection
EndGlobal
